
Microsoft Visual Studio Solution File, Format Version 12.00
# Visual Studio Version 17
VisualStudioVersion = 17.1.32210.238
MinimumVisualStudioVersion = 10.0.40219.1
Project("{FAE04EC0-301F-11D3-BF4B-00C04F79EFBC}") = "wspolbiezne1", "wspolbiezne1\wspolbiezne1.csproj", "{102A1FFE-9442-4B85-BF2D-9969CAA9B81E}"
EndProject
Global
	GlobalSection(SolutionConfigurationPlatforms) = preSolution
		Debug|Any CPU = Debug|Any CPU
		Release|Any CPU = Release|Any CPU
	EndGlobalSection
	GlobalSection(ProjectConfigurationPlatforms) = postSolution
		{102A1FFE-9442-4B85-BF2D-9969CAA9B81E}.Debug|Any CPU.ActiveCfg = Debug|Any CPU
		{102A1FFE-9442-4B85-BF2D-9969CAA9B81E}.Debug|Any CPU.Build.0 = Debug|Any CPU
		{102A1FFE-9442-4B85-BF2D-9969CAA9B81E}.Release|Any CPU.ActiveCfg = Release|Any CPU
		{102A1FFE-9442-4B85-BF2D-9969CAA9B81E}.Release|Any CPU.Build.0 = Release|Any CPU
	EndGlobalSection
	GlobalSection(SolutionProperties) = preSolution
		HideSolutionNode = FALSE
	EndGlobalSection
	GlobalSection(ExtensibilityGlobals) = postSolution
		SolutionGuid = {26AA827A-D326-4C66-A96D-A06246AFE8B3}
	EndGlobalSection
EndGlobal
