
Microsoft Visual Studio Solution File, Format Version 12.00
# Visual Studio Version 17
VisualStudioVersion = 17.1.32210.238
MinimumVisualStudioVersion = 10.0.40219.1
Project("{9A19103F-16F7-4668-BE54-9A1E7A4F7556}") = "Logic", "wspolbiezne\Logic.csproj", "{838BA78D-F31E-4089-B919-871F4E8E2BD6}"
EndProject
Project("{9A19103F-16F7-4668-BE54-9A1E7A4F7556}") = "Data", "Data\Data.csproj", "{620DA2EA-89F4-45CA-BC07-D9A9BCB79128}"
EndProject
Project("{9A19103F-16F7-4668-BE54-9A1E7A4F7556}") = "Model", "Model\Model.csproj", "{0F69D221-9A54-4D36-9408-E6C25365E9A7}"
EndProject
Project("{9A19103F-16F7-4668-BE54-9A1E7A4F7556}") = "ViewModel", "ViewModel\ViewModel.csproj", "{B7364E9F-9FCE-4688-81B2-1C89E53ABA50}"
EndProject
Project("{9A19103F-16F7-4668-BE54-9A1E7A4F7556}") = "TestProject_PW", "TestProject_PW\TestProject_PW.csproj", "{4140DA57-CC42-4C39-B8EF-DBDBDA29F3BF}"
EndProject
Project("{FAE04EC0-301F-11D3-BF4B-00C04F79EFBC}") = "View", "view\View.csproj", "{A4CD3AFA-DB78-42B1-AE48-323A5B9F9787}"
EndProject
Global
	GlobalSection(SolutionConfigurationPlatforms) = preSolution
		Debug|Any CPU = Debug|Any CPU
		Release|Any CPU = Release|Any CPU
	EndGlobalSection
	GlobalSection(ProjectConfigurationPlatforms) = postSolution
		{838BA78D-F31E-4089-B919-871F4E8E2BD6}.Debug|Any CPU.ActiveCfg = Debug|Any CPU
		{838BA78D-F31E-4089-B919-871F4E8E2BD6}.Debug|Any CPU.Build.0 = Debug|Any CPU
		{838BA78D-F31E-4089-B919-871F4E8E2BD6}.Release|Any CPU.ActiveCfg = Release|Any CPU
		{838BA78D-F31E-4089-B919-871F4E8E2BD6}.Release|Any CPU.Build.0 = Release|Any CPU
		{620DA2EA-89F4-45CA-BC07-D9A9BCB79128}.Debug|Any CPU.ActiveCfg = Debug|Any CPU
		{620DA2EA-89F4-45CA-BC07-D9A9BCB79128}.Debug|Any CPU.Build.0 = Debug|Any CPU
		{620DA2EA-89F4-45CA-BC07-D9A9BCB79128}.Release|Any CPU.ActiveCfg = Release|Any CPU
		{620DA2EA-89F4-45CA-BC07-D9A9BCB79128}.Release|Any CPU.Build.0 = Release|Any CPU
		{0F69D221-9A54-4D36-9408-E6C25365E9A7}.Debug|Any CPU.ActiveCfg = Debug|Any CPU
		{0F69D221-9A54-4D36-9408-E6C25365E9A7}.Debug|Any CPU.Build.0 = Debug|Any CPU
		{0F69D221-9A54-4D36-9408-E6C25365E9A7}.Release|Any CPU.ActiveCfg = Release|Any CPU
		{0F69D221-9A54-4D36-9408-E6C25365E9A7}.Release|Any CPU.Build.0 = Release|Any CPU
		{B7364E9F-9FCE-4688-81B2-1C89E53ABA50}.Debug|Any CPU.ActiveCfg = Debug|Any CPU
		{B7364E9F-9FCE-4688-81B2-1C89E53ABA50}.Debug|Any CPU.Build.0 = Debug|Any CPU
		{B7364E9F-9FCE-4688-81B2-1C89E53ABA50}.Release|Any CPU.ActiveCfg = Release|Any CPU
		{B7364E9F-9FCE-4688-81B2-1C89E53ABA50}.Release|Any CPU.Build.0 = Release|Any CPU
		{4140DA57-CC42-4C39-B8EF-DBDBDA29F3BF}.Debug|Any CPU.ActiveCfg = Debug|Any CPU
		{4140DA57-CC42-4C39-B8EF-DBDBDA29F3BF}.Debug|Any CPU.Build.0 = Debug|Any CPU
		{4140DA57-CC42-4C39-B8EF-DBDBDA29F3BF}.Release|Any CPU.ActiveCfg = Release|Any CPU
		{4140DA57-CC42-4C39-B8EF-DBDBDA29F3BF}.Release|Any CPU.Build.0 = Release|Any CPU
		{A4CD3AFA-DB78-42B1-AE48-323A5B9F9787}.Debug|Any CPU.ActiveCfg = Debug|Any CPU
		{A4CD3AFA-DB78-42B1-AE48-323A5B9F9787}.Debug|Any CPU.Build.0 = Debug|Any CPU
		{A4CD3AFA-DB78-42B1-AE48-323A5B9F9787}.Release|Any CPU.ActiveCfg = Release|Any CPU
		{A4CD3AFA-DB78-42B1-AE48-323A5B9F9787}.Release|Any CPU.Build.0 = Release|Any CPU
	EndGlobalSection
	GlobalSection(SolutionProperties) = preSolution
		HideSolutionNode = FALSE
	EndGlobalSection
	GlobalSection(ExtensibilityGlobals) = postSolution
		SolutionGuid = {2CE44488-1A85-4D5A-A956-0CEE0355D834}
	EndGlobalSection
EndGlobal
